
Microsoft Visual Studio Solution File, Format Version 12.00
# Visual Studio 14
VisualStudioVersion = 14.0.24720.0
MinimumVisualStudioVersion = 10.0.40219.1
Project("{8BC9CEB8-8B4A-11D0-8D11-00A0C91BC942}") = "RepasoCPlusPlus", "RepasoCPlusPlus\RepasoCPlusPlus.vcxproj", "{3C7BA1DD-2898-4E26-93F7-146237CAE8E6}"
EndProject
Project("{8BC9CEB8-8B4A-11D0-8D11-00A0C91BC942}") = "Sockets_02_01", "Sockets_02_01\Sockets_02_01.vcxproj", "{AEEE86AD-9302-4C4C-8268-CD1655DAAEB9}"
EndProject
Project("{8BC9CEB8-8B4A-11D0-8D11-00A0C91BC942}") = "Sockets_02_02", "Sockets_02_02\Sockets_02_02.vcxproj", "{D3B13197-9487-46B1-878D-762A353A9DB6}"
EndProject
Project("{8BC9CEB8-8B4A-11D0-8D11-00A0C91BC942}") = "Sockets_02_03", "Sockets_02_03\Sockets_02_03.vcxproj", "{0779460B-5CB5-4231-A9C4-74C2C9B3EF72}"
EndProject
Project("{8BC9CEB8-8B4A-11D0-8D11-00A0C91BC942}") = "Sockets_02_04", "Sockets_02_04\Sockets_02_04.vcxproj", "{9236C1D5-9D93-4086-8D38-81580FF8AE64}"
	ProjectSection(ProjectDependencies) = postProject
		{A9887D0E-4723-4DCB-9629-5F7F14F7FDD2} = {A9887D0E-4723-4DCB-9629-5F7F14F7FDD2}
	EndProjectSection
EndProject
Project("{8BC9CEB8-8B4A-11D0-8D11-00A0C91BC942}") = "SocketLib", "SocketLib\SocketLib.vcxproj", "{A9887D0E-4723-4DCB-9629-5F7F14F7FDD2}"
EndProject
Project("{8BC9CEB8-8B4A-11D0-8D11-00A0C91BC942}") = "Sockets_02_05", "Sockets_02_05\Sockets_02_05.vcxproj", "{9D764581-CE59-4844-99EE-FA7D6C23D6D9}"
	ProjectSection(ProjectDependencies) = postProject
		{A9887D0E-4723-4DCB-9629-5F7F14F7FDD2} = {A9887D0E-4723-4DCB-9629-5F7F14F7FDD2}
	EndProjectSection
EndProject
Project("{8BC9CEB8-8B4A-11D0-8D11-00A0C91BC942}") = "Taller1", "Taller1\Taller1.vcxproj", "{EEE94B17-5826-42A8-B0D2-FDBE786839A1}"
	ProjectSection(ProjectDependencies) = postProject
		{A9887D0E-4723-4DCB-9629-5F7F14F7FDD2} = {A9887D0E-4723-4DCB-9629-5F7F14F7FDD2}
	EndProjectSection
EndProject
Project("{8BC9CEB8-8B4A-11D0-8D11-00A0C91BC942}") = "Sockets_02_07", "Sockets_02_07\Sockets_02_07.vcxproj", "{2FCD2709-2A13-461E-99EB-DF12EDE53897}"
	ProjectSection(ProjectDependencies) = postProject
		{A9887D0E-4723-4DCB-9629-5F7F14F7FDD2} = {A9887D0E-4723-4DCB-9629-5F7F14F7FDD2}
	EndProjectSection
EndProject
Project("{8BC9CEB8-8B4A-11D0-8D11-00A0C91BC942}") = "SDL_BasicGameEngine", "SDL_BasicGameEngine\SDL_BasicGameEngine.vcxproj", "{21A5FFDC-659C-42F8-8D6A-1C118E9E3F6D}"
EndProject
Project("{8BC9CEB8-8B4A-11D0-8D11-00A0C91BC942}") = "SDL_Catch the fire monsters", "SDL_Catch the fire monsters\SDL_Catch the fire monsters.vcxproj", "{F4F340BD-74B2-4ABE-B002-9E08A3E4C64A}"
EndProject
Project("{8BC9CEB8-8B4A-11D0-8D11-00A0C91BC942}") = "SDL_Walking", "SDL_Walking\SDL_Walking.vcxproj", "{F3FE2EEA-355B-4FEF-A279-C2ADF1D7BBA6}"
EndProject
Project("{8BC9CEB8-8B4A-11D0-8D11-00A0C91BC942}") = "Taller2Client", "Taller2Client\Taller2Client.vcxproj", "{6061B05C-2C30-4738-AC33-79BC7730176C}"
	ProjectSection(ProjectDependencies) = postProject
		{A9887D0E-4723-4DCB-9629-5F7F14F7FDD2} = {A9887D0E-4723-4DCB-9629-5F7F14F7FDD2}
	EndProjectSection
EndProject
Project("{8BC9CEB8-8B4A-11D0-8D11-00A0C91BC942}") = "Taller2Server", "Taller2Server\Taller2Server.vcxproj", "{946253C0-ACE4-4FA9-AEE9-9B8E2D75A56D}"
	ProjectSection(ProjectDependencies) = postProject
		{A9887D0E-4723-4DCB-9629-5F7F14F7FDD2} = {A9887D0E-4723-4DCB-9629-5F7F14F7FDD2}
	EndProjectSection
EndProject
Project("{8BC9CEB8-8B4A-11D0-8D11-00A0C91BC942}") = "AssassinsCreedServer", "AssassinsCreedServer\AssassinsCreedServer.vcxproj", "{58DACB67-62A5-4A11-A2E4-A571AB6FBDAB}"
	ProjectSection(ProjectDependencies) = postProject
		{A9887D0E-4723-4DCB-9629-5F7F14F7FDD2} = {A9887D0E-4723-4DCB-9629-5F7F14F7FDD2}
	EndProjectSection
EndProject
Project("{8BC9CEB8-8B4A-11D0-8D11-00A0C91BC942}") = "AssassinsCreedClient", "AssassinsCreedClient\AssassinsCreedClient.vcxproj", "{6AB9EE60-9C37-4E89-929C-AAB0787028E3}"
	ProjectSection(ProjectDependencies) = postProject
		{A9887D0E-4723-4DCB-9629-5F7F14F7FDD2} = {A9887D0E-4723-4DCB-9629-5F7F14F7FDD2}
	EndProjectSection
EndProject
Project("{8BC9CEB8-8B4A-11D0-8D11-00A0C91BC942}") = "CTFM_Server", "CTFM_Server\CTFM_Server.vcxproj", "{CB4AC7AC-8222-43DC-A98F-150C2CC45B8F}"
	ProjectSection(ProjectDependencies) = postProject
		{A9887D0E-4723-4DCB-9629-5F7F14F7FDD2} = {A9887D0E-4723-4DCB-9629-5F7F14F7FDD2}
	EndProjectSection
EndProject
Project("{8BC9CEB8-8B4A-11D0-8D11-00A0C91BC942}") = "CTFM_Lib", "CTFM_Lib\CTFM_Lib.vcxproj", "{639B9FD0-33B0-4EB8-BEB9-EF44C800C39D}"
EndProject
Project("{8BC9CEB8-8B4A-11D0-8D11-00A0C91BC942}") = "CTFM_Client", "CTFM_Client\CTFM_Client.vcxproj", "{50402A02-3117-4378-82DF-1C3079F7058A}"
EndProject
Project("{8BC9CEB8-8B4A-11D0-8D11-00A0C91BC942}") = "SimulaMovimientoLib", "SimulaMovimientoLib\SimulaMovimientoLib.vcxproj", "{6AEAEB50-E5B3-45DC-840F-1D2F8CE916E4}"
EndProject
Project("{8BC9CEB8-8B4A-11D0-8D11-00A0C91BC942}") = "SimulaMovimientoServer", "SimulaMovimientoServer\SimulaMovimientoServer.vcxproj", "{4AC8C124-3975-4E0B-A935-C19CE89E11F9}"
	ProjectSection(ProjectDependencies) = postProject
		{A9887D0E-4723-4DCB-9629-5F7F14F7FDD2} = {A9887D0E-4723-4DCB-9629-5F7F14F7FDD2}
		{6AEAEB50-E5B3-45DC-840F-1D2F8CE916E4} = {6AEAEB50-E5B3-45DC-840F-1D2F8CE916E4}
	EndProjectSection
EndProject
Project("{8BC9CEB8-8B4A-11D0-8D11-00A0C91BC942}") = "SimulaMovimientoClient", "SimulaMovimientoClient\SimulaMovimientoClient.vcxproj", "{B162E97E-07FA-4F31-BA74-2F81C22FF111}"
	ProjectSection(ProjectDependencies) = postProject
		{A9887D0E-4723-4DCB-9629-5F7F14F7FDD2} = {A9887D0E-4723-4DCB-9629-5F7F14F7FDD2}
		{6AEAEB50-E5B3-45DC-840F-1D2F8CE916E4} = {6AEAEB50-E5B3-45DC-840F-1D2F8CE916E4}
	EndProjectSection
EndProject
Project("{8BC9CEB8-8B4A-11D0-8D11-00A0C91BC942}") = "SimulaMovimientoLib_Predict", "SimulaMovimientoLib_Predict\SimulaMovimientoLib_Predict.vcxproj", "{0563241F-246C-41CE-8582-9C5A6A54AD29}"
EndProject
Project("{8BC9CEB8-8B4A-11D0-8D11-00A0C91BC942}") = "SimulaMovimientoClient_Predict", "SimulaMovimientoClient_Predict\SimulaMovimientoClient_Predict.vcxproj", "{9EDACF60-8FB7-4DCD-9927-65163A534CA3}"
	ProjectSection(ProjectDependencies) = postProject
		{A9887D0E-4723-4DCB-9629-5F7F14F7FDD2} = {A9887D0E-4723-4DCB-9629-5F7F14F7FDD2}
		{0563241F-246C-41CE-8582-9C5A6A54AD29} = {0563241F-246C-41CE-8582-9C5A6A54AD29}
	EndProjectSection
EndProject
Project("{8BC9CEB8-8B4A-11D0-8D11-00A0C91BC942}") = "SimulaMovimientoServer_Predict", "SimulaMovimientoServer_Predict\SimulaMovimientoServer_Predict.vcxproj", "{7EED1BD6-43EE-4B2C-8208-78AF25C86882}"
	ProjectSection(ProjectDependencies) = postProject
		{A9887D0E-4723-4DCB-9629-5F7F14F7FDD2} = {A9887D0E-4723-4DCB-9629-5F7F14F7FDD2}
		{0563241F-246C-41CE-8582-9C5A6A54AD29} = {0563241F-246C-41CE-8582-9C5A6A54AD29}
	EndProjectSection
EndProject
Global
	GlobalSection(SolutionConfigurationPlatforms) = preSolution
		Debug|x64 = Debug|x64
		Debug|x86 = Debug|x86
		Release|x64 = Release|x64
		Release|x86 = Release|x86
	EndGlobalSection
	GlobalSection(ProjectConfigurationPlatforms) = postSolution
		{3C7BA1DD-2898-4E26-93F7-146237CAE8E6}.Debug|x64.ActiveCfg = Debug|x64
		{3C7BA1DD-2898-4E26-93F7-146237CAE8E6}.Debug|x64.Build.0 = Debug|x64
		{3C7BA1DD-2898-4E26-93F7-146237CAE8E6}.Debug|x86.ActiveCfg = Debug|Win32
		{3C7BA1DD-2898-4E26-93F7-146237CAE8E6}.Debug|x86.Build.0 = Debug|Win32
		{3C7BA1DD-2898-4E26-93F7-146237CAE8E6}.Release|x64.ActiveCfg = Release|x64
		{3C7BA1DD-2898-4E26-93F7-146237CAE8E6}.Release|x64.Build.0 = Release|x64
		{3C7BA1DD-2898-4E26-93F7-146237CAE8E6}.Release|x86.ActiveCfg = Release|Win32
		{3C7BA1DD-2898-4E26-93F7-146237CAE8E6}.Release|x86.Build.0 = Release|Win32
		{AEEE86AD-9302-4C4C-8268-CD1655DAAEB9}.Debug|x64.ActiveCfg = Debug|x64
		{AEEE86AD-9302-4C4C-8268-CD1655DAAEB9}.Debug|x64.Build.0 = Debug|x64
		{AEEE86AD-9302-4C4C-8268-CD1655DAAEB9}.Debug|x86.ActiveCfg = Debug|Win32
		{AEEE86AD-9302-4C4C-8268-CD1655DAAEB9}.Debug|x86.Build.0 = Debug|Win32
		{AEEE86AD-9302-4C4C-8268-CD1655DAAEB9}.Release|x64.ActiveCfg = Release|x64
		{AEEE86AD-9302-4C4C-8268-CD1655DAAEB9}.Release|x64.Build.0 = Release|x64
		{AEEE86AD-9302-4C4C-8268-CD1655DAAEB9}.Release|x86.ActiveCfg = Release|Win32
		{AEEE86AD-9302-4C4C-8268-CD1655DAAEB9}.Release|x86.Build.0 = Release|Win32
		{D3B13197-9487-46B1-878D-762A353A9DB6}.Debug|x64.ActiveCfg = Debug|x64
		{D3B13197-9487-46B1-878D-762A353A9DB6}.Debug|x64.Build.0 = Debug|x64
		{D3B13197-9487-46B1-878D-762A353A9DB6}.Debug|x86.ActiveCfg = Debug|Win32
		{D3B13197-9487-46B1-878D-762A353A9DB6}.Debug|x86.Build.0 = Debug|Win32
		{D3B13197-9487-46B1-878D-762A353A9DB6}.Release|x64.ActiveCfg = Release|x64
		{D3B13197-9487-46B1-878D-762A353A9DB6}.Release|x64.Build.0 = Release|x64
		{D3B13197-9487-46B1-878D-762A353A9DB6}.Release|x86.ActiveCfg = Release|Win32
		{D3B13197-9487-46B1-878D-762A353A9DB6}.Release|x86.Build.0 = Release|Win32
		{0779460B-5CB5-4231-A9C4-74C2C9B3EF72}.Debug|x64.ActiveCfg = Debug|x64
		{0779460B-5CB5-4231-A9C4-74C2C9B3EF72}.Debug|x64.Build.0 = Debug|x64
		{0779460B-5CB5-4231-A9C4-74C2C9B3EF72}.Debug|x86.ActiveCfg = Debug|Win32
		{0779460B-5CB5-4231-A9C4-74C2C9B3EF72}.Debug|x86.Build.0 = Debug|Win32
		{0779460B-5CB5-4231-A9C4-74C2C9B3EF72}.Release|x64.ActiveCfg = Release|x64
		{0779460B-5CB5-4231-A9C4-74C2C9B3EF72}.Release|x64.Build.0 = Release|x64
		{0779460B-5CB5-4231-A9C4-74C2C9B3EF72}.Release|x86.ActiveCfg = Release|Win32
		{0779460B-5CB5-4231-A9C4-74C2C9B3EF72}.Release|x86.Build.0 = Release|Win32
		{9236C1D5-9D93-4086-8D38-81580FF8AE64}.Debug|x64.ActiveCfg = Debug|x64
		{9236C1D5-9D93-4086-8D38-81580FF8AE64}.Debug|x64.Build.0 = Debug|x64
		{9236C1D5-9D93-4086-8D38-81580FF8AE64}.Debug|x86.ActiveCfg = Debug|Win32
		{9236C1D5-9D93-4086-8D38-81580FF8AE64}.Debug|x86.Build.0 = Debug|Win32
		{9236C1D5-9D93-4086-8D38-81580FF8AE64}.Release|x64.ActiveCfg = Release|x64
		{9236C1D5-9D93-4086-8D38-81580FF8AE64}.Release|x64.Build.0 = Release|x64
		{9236C1D5-9D93-4086-8D38-81580FF8AE64}.Release|x86.ActiveCfg = Release|Win32
		{9236C1D5-9D93-4086-8D38-81580FF8AE64}.Release|x86.Build.0 = Release|Win32
		{A9887D0E-4723-4DCB-9629-5F7F14F7FDD2}.Debug|x64.ActiveCfg = Debug|x64
		{A9887D0E-4723-4DCB-9629-5F7F14F7FDD2}.Debug|x64.Build.0 = Debug|x64
		{A9887D0E-4723-4DCB-9629-5F7F14F7FDD2}.Debug|x86.ActiveCfg = Debug|Win32
		{A9887D0E-4723-4DCB-9629-5F7F14F7FDD2}.Debug|x86.Build.0 = Debug|Win32
		{A9887D0E-4723-4DCB-9629-5F7F14F7FDD2}.Release|x64.ActiveCfg = Release|x64
		{A9887D0E-4723-4DCB-9629-5F7F14F7FDD2}.Release|x64.Build.0 = Release|x64
		{A9887D0E-4723-4DCB-9629-5F7F14F7FDD2}.Release|x86.ActiveCfg = Release|Win32
		{A9887D0E-4723-4DCB-9629-5F7F14F7FDD2}.Release|x86.Build.0 = Release|Win32
		{9D764581-CE59-4844-99EE-FA7D6C23D6D9}.Debug|x64.ActiveCfg = Debug|x64
		{9D764581-CE59-4844-99EE-FA7D6C23D6D9}.Debug|x64.Build.0 = Debug|x64
		{9D764581-CE59-4844-99EE-FA7D6C23D6D9}.Debug|x86.ActiveCfg = Debug|Win32
		{9D764581-CE59-4844-99EE-FA7D6C23D6D9}.Debug|x86.Build.0 = Debug|Win32
		{9D764581-CE59-4844-99EE-FA7D6C23D6D9}.Release|x64.ActiveCfg = Release|x64
		{9D764581-CE59-4844-99EE-FA7D6C23D6D9}.Release|x64.Build.0 = Release|x64
		{9D764581-CE59-4844-99EE-FA7D6C23D6D9}.Release|x86.ActiveCfg = Release|Win32
		{9D764581-CE59-4844-99EE-FA7D6C23D6D9}.Release|x86.Build.0 = Release|Win32
		{EEE94B17-5826-42A8-B0D2-FDBE786839A1}.Debug|x64.ActiveCfg = Debug|x64
		{EEE94B17-5826-42A8-B0D2-FDBE786839A1}.Debug|x64.Build.0 = Debug|x64
		{EEE94B17-5826-42A8-B0D2-FDBE786839A1}.Debug|x86.ActiveCfg = Debug|Win32
		{EEE94B17-5826-42A8-B0D2-FDBE786839A1}.Debug|x86.Build.0 = Debug|Win32
		{EEE94B17-5826-42A8-B0D2-FDBE786839A1}.Release|x64.ActiveCfg = Release|x64
		{EEE94B17-5826-42A8-B0D2-FDBE786839A1}.Release|x64.Build.0 = Release|x64
		{EEE94B17-5826-42A8-B0D2-FDBE786839A1}.Release|x86.ActiveCfg = Release|Win32
		{EEE94B17-5826-42A8-B0D2-FDBE786839A1}.Release|x86.Build.0 = Release|Win32
		{2FCD2709-2A13-461E-99EB-DF12EDE53897}.Debug|x64.ActiveCfg = Debug|x64
		{2FCD2709-2A13-461E-99EB-DF12EDE53897}.Debug|x64.Build.0 = Debug|x64
		{2FCD2709-2A13-461E-99EB-DF12EDE53897}.Debug|x86.ActiveCfg = Debug|Win32
		{2FCD2709-2A13-461E-99EB-DF12EDE53897}.Debug|x86.Build.0 = Debug|Win32
		{2FCD2709-2A13-461E-99EB-DF12EDE53897}.Release|x64.ActiveCfg = Release|x64
		{2FCD2709-2A13-461E-99EB-DF12EDE53897}.Release|x64.Build.0 = Release|x64
		{2FCD2709-2A13-461E-99EB-DF12EDE53897}.Release|x86.ActiveCfg = Release|Win32
		{2FCD2709-2A13-461E-99EB-DF12EDE53897}.Release|x86.Build.0 = Release|Win32
		{21A5FFDC-659C-42F8-8D6A-1C118E9E3F6D}.Debug|x64.ActiveCfg = Debug|x64
		{21A5FFDC-659C-42F8-8D6A-1C118E9E3F6D}.Debug|x64.Build.0 = Debug|x64
		{21A5FFDC-659C-42F8-8D6A-1C118E9E3F6D}.Debug|x86.ActiveCfg = Debug|Win32
		{21A5FFDC-659C-42F8-8D6A-1C118E9E3F6D}.Debug|x86.Build.0 = Debug|Win32
		{21A5FFDC-659C-42F8-8D6A-1C118E9E3F6D}.Release|x64.ActiveCfg = Release|x64
		{21A5FFDC-659C-42F8-8D6A-1C118E9E3F6D}.Release|x64.Build.0 = Release|x64
		{21A5FFDC-659C-42F8-8D6A-1C118E9E3F6D}.Release|x86.ActiveCfg = Release|Win32
		{21A5FFDC-659C-42F8-8D6A-1C118E9E3F6D}.Release|x86.Build.0 = Release|Win32
		{F4F340BD-74B2-4ABE-B002-9E08A3E4C64A}.Debug|x64.ActiveCfg = Debug|x64
		{F4F340BD-74B2-4ABE-B002-9E08A3E4C64A}.Debug|x64.Build.0 = Debug|x64
		{F4F340BD-74B2-4ABE-B002-9E08A3E4C64A}.Debug|x86.ActiveCfg = Debug|Win32
		{F4F340BD-74B2-4ABE-B002-9E08A3E4C64A}.Debug|x86.Build.0 = Debug|Win32
		{F4F340BD-74B2-4ABE-B002-9E08A3E4C64A}.Release|x64.ActiveCfg = Release|x64
		{F4F340BD-74B2-4ABE-B002-9E08A3E4C64A}.Release|x64.Build.0 = Release|x64
		{F4F340BD-74B2-4ABE-B002-9E08A3E4C64A}.Release|x86.ActiveCfg = Release|Win32
		{F4F340BD-74B2-4ABE-B002-9E08A3E4C64A}.Release|x86.Build.0 = Release|Win32
		{F3FE2EEA-355B-4FEF-A279-C2ADF1D7BBA6}.Debug|x64.ActiveCfg = Debug|x64
		{F3FE2EEA-355B-4FEF-A279-C2ADF1D7BBA6}.Debug|x64.Build.0 = Debug|x64
		{F3FE2EEA-355B-4FEF-A279-C2ADF1D7BBA6}.Debug|x86.ActiveCfg = Debug|Win32
		{F3FE2EEA-355B-4FEF-A279-C2ADF1D7BBA6}.Debug|x86.Build.0 = Debug|Win32
		{F3FE2EEA-355B-4FEF-A279-C2ADF1D7BBA6}.Release|x64.ActiveCfg = Release|x64
		{F3FE2EEA-355B-4FEF-A279-C2ADF1D7BBA6}.Release|x64.Build.0 = Release|x64
		{F3FE2EEA-355B-4FEF-A279-C2ADF1D7BBA6}.Release|x86.ActiveCfg = Release|Win32
		{F3FE2EEA-355B-4FEF-A279-C2ADF1D7BBA6}.Release|x86.Build.0 = Release|Win32
		{6061B05C-2C30-4738-AC33-79BC7730176C}.Debug|x64.ActiveCfg = Debug|x64
		{6061B05C-2C30-4738-AC33-79BC7730176C}.Debug|x64.Build.0 = Debug|x64
		{6061B05C-2C30-4738-AC33-79BC7730176C}.Debug|x86.ActiveCfg = Debug|Win32
		{6061B05C-2C30-4738-AC33-79BC7730176C}.Debug|x86.Build.0 = Debug|Win32
		{6061B05C-2C30-4738-AC33-79BC7730176C}.Release|x64.ActiveCfg = Release|x64
		{6061B05C-2C30-4738-AC33-79BC7730176C}.Release|x64.Build.0 = Release|x64
		{6061B05C-2C30-4738-AC33-79BC7730176C}.Release|x86.ActiveCfg = Release|Win32
		{6061B05C-2C30-4738-AC33-79BC7730176C}.Release|x86.Build.0 = Release|Win32
		{946253C0-ACE4-4FA9-AEE9-9B8E2D75A56D}.Debug|x64.ActiveCfg = Debug|x64
		{946253C0-ACE4-4FA9-AEE9-9B8E2D75A56D}.Debug|x64.Build.0 = Debug|x64
		{946253C0-ACE4-4FA9-AEE9-9B8E2D75A56D}.Debug|x86.ActiveCfg = Debug|Win32
		{946253C0-ACE4-4FA9-AEE9-9B8E2D75A56D}.Debug|x86.Build.0 = Debug|Win32
		{946253C0-ACE4-4FA9-AEE9-9B8E2D75A56D}.Release|x64.ActiveCfg = Release|x64
		{946253C0-ACE4-4FA9-AEE9-9B8E2D75A56D}.Release|x64.Build.0 = Release|x64
		{946253C0-ACE4-4FA9-AEE9-9B8E2D75A56D}.Release|x86.ActiveCfg = Release|Win32
		{946253C0-ACE4-4FA9-AEE9-9B8E2D75A56D}.Release|x86.Build.0 = Release|Win32
		{58DACB67-62A5-4A11-A2E4-A571AB6FBDAB}.Debug|x64.ActiveCfg = Debug|x64
		{58DACB67-62A5-4A11-A2E4-A571AB6FBDAB}.Debug|x64.Build.0 = Debug|x64
		{58DACB67-62A5-4A11-A2E4-A571AB6FBDAB}.Debug|x86.ActiveCfg = Debug|Win32
		{58DACB67-62A5-4A11-A2E4-A571AB6FBDAB}.Debug|x86.Build.0 = Debug|Win32
		{58DACB67-62A5-4A11-A2E4-A571AB6FBDAB}.Release|x64.ActiveCfg = Release|x64
		{58DACB67-62A5-4A11-A2E4-A571AB6FBDAB}.Release|x64.Build.0 = Release|x64
		{58DACB67-62A5-4A11-A2E4-A571AB6FBDAB}.Release|x86.ActiveCfg = Release|Win32
		{58DACB67-62A5-4A11-A2E4-A571AB6FBDAB}.Release|x86.Build.0 = Release|Win32
		{6AB9EE60-9C37-4E89-929C-AAB0787028E3}.Debug|x64.ActiveCfg = Debug|x64
		{6AB9EE60-9C37-4E89-929C-AAB0787028E3}.Debug|x64.Build.0 = Debug|x64
		{6AB9EE60-9C37-4E89-929C-AAB0787028E3}.Debug|x86.ActiveCfg = Debug|Win32
		{6AB9EE60-9C37-4E89-929C-AAB0787028E3}.Debug|x86.Build.0 = Debug|Win32
		{6AB9EE60-9C37-4E89-929C-AAB0787028E3}.Release|x64.ActiveCfg = Release|x64
		{6AB9EE60-9C37-4E89-929C-AAB0787028E3}.Release|x64.Build.0 = Release|x64
		{6AB9EE60-9C37-4E89-929C-AAB0787028E3}.Release|x86.ActiveCfg = Release|Win32
		{6AB9EE60-9C37-4E89-929C-AAB0787028E3}.Release|x86.Build.0 = Release|Win32
		{CB4AC7AC-8222-43DC-A98F-150C2CC45B8F}.Debug|x64.ActiveCfg = Debug|x64
		{CB4AC7AC-8222-43DC-A98F-150C2CC45B8F}.Debug|x64.Build.0 = Debug|x64
		{CB4AC7AC-8222-43DC-A98F-150C2CC45B8F}.Debug|x86.ActiveCfg = Debug|Win32
		{CB4AC7AC-8222-43DC-A98F-150C2CC45B8F}.Debug|x86.Build.0 = Debug|Win32
		{CB4AC7AC-8222-43DC-A98F-150C2CC45B8F}.Release|x64.ActiveCfg = Release|x64
		{CB4AC7AC-8222-43DC-A98F-150C2CC45B8F}.Release|x64.Build.0 = Release|x64
		{CB4AC7AC-8222-43DC-A98F-150C2CC45B8F}.Release|x86.ActiveCfg = Release|Win32
		{CB4AC7AC-8222-43DC-A98F-150C2CC45B8F}.Release|x86.Build.0 = Release|Win32
		{639B9FD0-33B0-4EB8-BEB9-EF44C800C39D}.Debug|x64.ActiveCfg = Debug|x64
		{639B9FD0-33B0-4EB8-BEB9-EF44C800C39D}.Debug|x64.Build.0 = Debug|x64
		{639B9FD0-33B0-4EB8-BEB9-EF44C800C39D}.Debug|x86.ActiveCfg = Debug|Win32
		{639B9FD0-33B0-4EB8-BEB9-EF44C800C39D}.Debug|x86.Build.0 = Debug|Win32
		{639B9FD0-33B0-4EB8-BEB9-EF44C800C39D}.Release|x64.ActiveCfg = Release|x64
		{639B9FD0-33B0-4EB8-BEB9-EF44C800C39D}.Release|x64.Build.0 = Release|x64
		{639B9FD0-33B0-4EB8-BEB9-EF44C800C39D}.Release|x86.ActiveCfg = Release|Win32
		{639B9FD0-33B0-4EB8-BEB9-EF44C800C39D}.Release|x86.Build.0 = Release|Win32
		{50402A02-3117-4378-82DF-1C3079F7058A}.Debug|x64.ActiveCfg = Debug|x64
		{50402A02-3117-4378-82DF-1C3079F7058A}.Debug|x64.Build.0 = Debug|x64
		{50402A02-3117-4378-82DF-1C3079F7058A}.Debug|x86.ActiveCfg = Debug|Win32
		{50402A02-3117-4378-82DF-1C3079F7058A}.Debug|x86.Build.0 = Debug|Win32
		{50402A02-3117-4378-82DF-1C3079F7058A}.Release|x64.ActiveCfg = Release|x64
		{50402A02-3117-4378-82DF-1C3079F7058A}.Release|x64.Build.0 = Release|x64
		{50402A02-3117-4378-82DF-1C3079F7058A}.Release|x86.ActiveCfg = Release|Win32
		{50402A02-3117-4378-82DF-1C3079F7058A}.Release|x86.Build.0 = Release|Win32
		{6AEAEB50-E5B3-45DC-840F-1D2F8CE916E4}.Debug|x64.ActiveCfg = Debug|x64
		{6AEAEB50-E5B3-45DC-840F-1D2F8CE916E4}.Debug|x64.Build.0 = Debug|x64
		{6AEAEB50-E5B3-45DC-840F-1D2F8CE916E4}.Debug|x86.ActiveCfg = Debug|Win32
		{6AEAEB50-E5B3-45DC-840F-1D2F8CE916E4}.Debug|x86.Build.0 = Debug|Win32
		{6AEAEB50-E5B3-45DC-840F-1D2F8CE916E4}.Release|x64.ActiveCfg = Release|x64
		{6AEAEB50-E5B3-45DC-840F-1D2F8CE916E4}.Release|x64.Build.0 = Release|x64
		{6AEAEB50-E5B3-45DC-840F-1D2F8CE916E4}.Release|x86.ActiveCfg = Release|Win32
		{6AEAEB50-E5B3-45DC-840F-1D2F8CE916E4}.Release|x86.Build.0 = Release|Win32
		{4AC8C124-3975-4E0B-A935-C19CE89E11F9}.Debug|x64.ActiveCfg = Debug|x64
		{4AC8C124-3975-4E0B-A935-C19CE89E11F9}.Debug|x64.Build.0 = Debug|x64
		{4AC8C124-3975-4E0B-A935-C19CE89E11F9}.Debug|x86.ActiveCfg = Debug|Win32
		{4AC8C124-3975-4E0B-A935-C19CE89E11F9}.Debug|x86.Build.0 = Debug|Win32
		{4AC8C124-3975-4E0B-A935-C19CE89E11F9}.Release|x64.ActiveCfg = Release|x64
		{4AC8C124-3975-4E0B-A935-C19CE89E11F9}.Release|x64.Build.0 = Release|x64
		{4AC8C124-3975-4E0B-A935-C19CE89E11F9}.Release|x86.ActiveCfg = Release|Win32
		{4AC8C124-3975-4E0B-A935-C19CE89E11F9}.Release|x86.Build.0 = Release|Win32
		{B162E97E-07FA-4F31-BA74-2F81C22FF111}.Debug|x64.ActiveCfg = Debug|x64
		{B162E97E-07FA-4F31-BA74-2F81C22FF111}.Debug|x64.Build.0 = Debug|x64
		{B162E97E-07FA-4F31-BA74-2F81C22FF111}.Debug|x86.ActiveCfg = Debug|Win32
		{B162E97E-07FA-4F31-BA74-2F81C22FF111}.Debug|x86.Build.0 = Debug|Win32
		{B162E97E-07FA-4F31-BA74-2F81C22FF111}.Release|x64.ActiveCfg = Release|x64
		{B162E97E-07FA-4F31-BA74-2F81C22FF111}.Release|x64.Build.0 = Release|x64
		{B162E97E-07FA-4F31-BA74-2F81C22FF111}.Release|x86.ActiveCfg = Release|Win32
		{B162E97E-07FA-4F31-BA74-2F81C22FF111}.Release|x86.Build.0 = Release|Win32
		{0563241F-246C-41CE-8582-9C5A6A54AD29}.Debug|x64.ActiveCfg = Debug|x64
		{0563241F-246C-41CE-8582-9C5A6A54AD29}.Debug|x64.Build.0 = Debug|x64
		{0563241F-246C-41CE-8582-9C5A6A54AD29}.Debug|x86.ActiveCfg = Debug|Win32
		{0563241F-246C-41CE-8582-9C5A6A54AD29}.Debug|x86.Build.0 = Debug|Win32
		{0563241F-246C-41CE-8582-9C5A6A54AD29}.Release|x64.ActiveCfg = Release|x64
		{0563241F-246C-41CE-8582-9C5A6A54AD29}.Release|x64.Build.0 = Release|x64
		{0563241F-246C-41CE-8582-9C5A6A54AD29}.Release|x86.ActiveCfg = Release|Win32
		{0563241F-246C-41CE-8582-9C5A6A54AD29}.Release|x86.Build.0 = Release|Win32
		{9EDACF60-8FB7-4DCD-9927-65163A534CA3}.Debug|x64.ActiveCfg = Debug|x64
		{9EDACF60-8FB7-4DCD-9927-65163A534CA3}.Debug|x64.Build.0 = Debug|x64
		{9EDACF60-8FB7-4DCD-9927-65163A534CA3}.Debug|x86.ActiveCfg = Debug|Win32
		{9EDACF60-8FB7-4DCD-9927-65163A534CA3}.Debug|x86.Build.0 = Debug|Win32
		{9EDACF60-8FB7-4DCD-9927-65163A534CA3}.Release|x64.ActiveCfg = Release|x64
		{9EDACF60-8FB7-4DCD-9927-65163A534CA3}.Release|x64.Build.0 = Release|x64
		{9EDACF60-8FB7-4DCD-9927-65163A534CA3}.Release|x86.ActiveCfg = Release|Win32
		{9EDACF60-8FB7-4DCD-9927-65163A534CA3}.Release|x86.Build.0 = Release|Win32
		{7EED1BD6-43EE-4B2C-8208-78AF25C86882}.Debug|x64.ActiveCfg = Debug|x64
		{7EED1BD6-43EE-4B2C-8208-78AF25C86882}.Debug|x64.Build.0 = Debug|x64
		{7EED1BD6-43EE-4B2C-8208-78AF25C86882}.Debug|x86.ActiveCfg = Debug|Win32
		{7EED1BD6-43EE-4B2C-8208-78AF25C86882}.Debug|x86.Build.0 = Debug|Win32
		{7EED1BD6-43EE-4B2C-8208-78AF25C86882}.Release|x64.ActiveCfg = Release|x64
		{7EED1BD6-43EE-4B2C-8208-78AF25C86882}.Release|x64.Build.0 = Release|x64
		{7EED1BD6-43EE-4B2C-8208-78AF25C86882}.Release|x86.ActiveCfg = Release|Win32
		{7EED1BD6-43EE-4B2C-8208-78AF25C86882}.Release|x86.Build.0 = Release|Win32
	EndGlobalSection
	GlobalSection(SolutionProperties) = preSolution
		HideSolutionNode = FALSE
	EndGlobalSection
EndGlobal
